{
  "name": "@boostercloud/framework-provider-kubernetes",
  "version": "0.12.1",
  "lockfileVersion": 1,
  "requires": true,
  "dependencies": {
    "@boostercloud/framework-types": {
      "version": "0.12.1",
      "requires": {
        "@types/graphql": "14.5.0",
        "uuid": "8.3.2"
      },
      "dependencies": {
        "@types/graphql": {
          "version": "14.5.0",
          "resolved": "http://localhost:4873/@types%2fgraphql/-/graphql-14.5.0.tgz",
          "integrity": "sha512-MOkzsEp1Jk5bXuAsHsUi6BVv0zCO+7/2PTiZMXWDSsMXvNU6w/PLMQT2vHn8hy2i0JqojPz1Sz6rsFjHtsU0lA==",
          "requires": {
            "graphql": "*"
          }
        },
        "graphql": {
          "version": "15.5.0",
          "resolved": "http://localhost:4873/graphql/-/graphql-15.5.0.tgz",
          "integrity": "sha512-OmaM7y0kaK31NKG31q4YbD2beNYa6jBBKtMFT6gLYJljHLJr42IqJ8KX08u3Li/0ifzTU5HjmoOOrwa5BRLeDA=="
        },
        "uuid": {
          "version": "8.3.2",
          "resolved": "http://localhost:4873/uuid/-/uuid-8.3.2.tgz",
          "integrity": "sha512-+NYs2QeMWy+GWFOEm9xnn6HCDp0l7QBD7ml8zLUmJ+93Q5NF0NocErnwkTkXVFNiX3/fpC6afS8Dhb/gz7R7eg=="
        }
      }
    },
    "@types/node": {
      "version": "14.14.35",
      "resolved": "http://localhost:4873/@types%2fnode/-/node-14.14.35.tgz",
      "integrity": "sha512-Lt+wj8NVPx0zUmUwumiVXapmaLUcAk3yPuHCFVXras9k5VT9TdhJqKqGVUQCD60OTMCl0qxJ57OiTL0Mic3Iag==",
      "dev": true
    },
    "@types/redis": {
      "version": "2.8.28",
      "resolved": "http://localhost:4873/@types%2fredis/-/redis-2.8.28.tgz",
      "integrity": "sha512-8l2gr2OQ969ypa7hFOeKqtFoY70XkHxISV0pAwmQ2nm6CSPb1brmTmqJCGGrekCo+pAZyWlNXr+Kvo6L/1wijA==",
      "dev": true,
      "requires": {
        "@types/node": "*"
      }
    }
  }
}
