{
  "name": "@boostercloud/framework-provider-aws",
  "version": "0.9.1",
  "lockfileVersion": 1,
  "requires": true,
  "dependencies": {
    "@boostercloud/framework-types": {
      "version": "file:../framework-types",
      "requires": {
        "uuid": "^8.3.1"
      },
      "dependencies": {
        "uuid": {
          "version": "8.3.1",
          "resolved": "https://registry.npmjs.org/uuid/-/uuid-8.3.1.tgz",
          "integrity": "sha512-FOmRr+FmWEIG8uhZv6C2bTgEVXsHk08kE7mPlrBbEe+c3r9pjceVPgupIfNIhc4yx55H69OXANrUaSuu9eInKg=="
        }
      }
    }
  }
}
