{
  "name": "@boostercloud/framework-types",
  "version": "0.9.0",
  "lockfileVersion": 1,
  "requires": true,
  "dependencies": {
    "@types/uuid": {
      "version": "3.4.9",
      "resolved": "https://registry.npmjs.org/@types/uuid/-/uuid-3.4.9.tgz",
      "integrity": "sha512-XDwyIlt/47l2kWLTzw/mtrpLdB+GPSskR2n/PIcPn+VYhVO77rGhRncIR5GPU0KRzXuqkDO+J5qqrG0Y8P6jzQ==",
      "dev": true
    },
    "fast-check": {
      "version": "1.26.0",
      "resolved": "https://registry.npmjs.org/fast-check/-/fast-check-1.26.0.tgz",
      "integrity": "sha512-B1AjSfe0bmi6FdFIzmrrGSjrsF6e2MCmZiM6zJaRbBMP+gIvdNakle5FIMKi0xbS9KlN9BZho1R7oB/qoNIQuA==",
      "dev": true,
      "requires": {
        "pure-rand": "^2.0.0",
        "tslib": "^2.0.0"
      }
    },
    "pure-rand": {
      "version": "2.0.0",
      "resolved": "https://registry.npmjs.org/pure-rand/-/pure-rand-2.0.0.tgz",
      "integrity": "sha512-mk98aayyd00xbfHgE3uEmAUGzz3jCdm8Mkf5DUXUhc7egmOaGG2D7qhVlynGenNe9VaNJZvzO9hkc8myuTkDgw==",
      "dev": true
    },
    "tslib": {
      "version": "2.0.3",
      "resolved": "https://registry.npmjs.org/tslib/-/tslib-2.0.3.tgz",
      "integrity": "sha512-uZtkfKblCEQtZKBF6EBXVZeQNl82yqtDQdv+eck8u7tdPxjLu2/lp5/uPW+um2tpuxINHWy3GhiccY7QgEaVHQ==",
      "dev": true
    },
    "uuid": {
      "version": "3.4.0",
      "resolved": "https://registry.npmjs.org/uuid/-/uuid-3.4.0.tgz",
      "integrity": "sha512-HjSDRw6gZE5JMggctHBcjVak08+KEVhSIiDzFnT9S9aegmp85S/bReBVTb4QTFaRNptJ9kuYaNhnbNEOkbKb/A=="
    }
  }
}
